
Microsoft Visual Studio Solution File, Format Version 12.00
# Visual Studio Version 17
VisualStudioVersion = 17.2.32630.192
MinimumVisualStudioVersion = 10.0.40219.1
Project("{FAE04EC0-301F-11D3-BF4B-00C04F79EFBC}") = "Parcial2", "Parcial2.csproj", "{757BEC3F-F5C4-4264-B25D-C351634C81FA}"
EndProject
Global
	GlobalSection(SolutionConfigurationPlatforms) = preSolution
		Debug|Any CPU = Debug|Any CPU
		Release|Any CPU = Release|Any CPU
	EndGlobalSection
	GlobalSection(ProjectConfigurationPlatforms) = postSolution
		{757BEC3F-F5C4-4264-B25D-C351634C81FA}.Debug|Any CPU.ActiveCfg = Debug|Any CPU
		{757BEC3F-F5C4-4264-B25D-C351634C81FA}.Debug|Any CPU.Build.0 = Debug|Any CPU
		{757BEC3F-F5C4-4264-B25D-C351634C81FA}.Release|Any CPU.ActiveCfg = Release|Any CPU
		{757BEC3F-F5C4-4264-B25D-C351634C81FA}.Release|Any CPU.Build.0 = Release|Any CPU
	EndGlobalSection
	GlobalSection(SolutionProperties) = preSolution
		HideSolutionNode = FALSE
	EndGlobalSection
	GlobalSection(ExtensibilityGlobals) = postSolution
		SolutionGuid = {64AF29F8-DE71-43EC-A87F-C5DA660F98CF}
	EndGlobalSection
EndGlobal
